
Microsoft Visual Studio Solution File, Format Version 12.00
# Visual Studio Version 17
VisualStudioVersion = 17.8.34511.84
MinimumVisualStudioVersion = 10.0.40219.1
Project("{FAE04EC0-301F-11D3-BF4B-00C04F79EFBC}") = "mathematics teacher", "mathematics teacher\mathematics teacher.csproj", "{2125240A-8835-493C-A55D-A56214CECF3A}"
EndProject
Global
	GlobalSection(SolutionConfigurationPlatforms) = preSolution
		Debug|Any CPU = Debug|Any CPU
		Release|Any CPU = Release|Any CPU
	EndGlobalSection
	GlobalSection(ProjectConfigurationPlatforms) = postSolution
		{2125240A-8835-493C-A55D-A56214CECF3A}.Debug|Any CPU.ActiveCfg = Debug|Any CPU
		{2125240A-8835-493C-A55D-A56214CECF3A}.Debug|Any CPU.Build.0 = Debug|Any CPU
		{2125240A-8835-493C-A55D-A56214CECF3A}.Release|Any CPU.ActiveCfg = Release|Any CPU
		{2125240A-8835-493C-A55D-A56214CECF3A}.Release|Any CPU.Build.0 = Release|Any CPU
	EndGlobalSection
	GlobalSection(SolutionProperties) = preSolution
		HideSolutionNode = FALSE
	EndGlobalSection
	GlobalSection(ExtensibilityGlobals) = postSolution
		SolutionGuid = {AF774BE7-A0D2-475A-907D-958BB5C3E68F}
	EndGlobalSection
EndGlobal
